
Microsoft Visual Studio Solution File, Format Version 12.00
# Visual Studio Version 16
VisualStudioVersion = 16.0.808.9
MinimumVisualStudioVersion = 10.0.40219.1
Project("{FAE04EC0-301F-11D3-BF4B-00C04F79EFBC}") = "cinema", "cinema\cinema.csproj", "{82E6F4AD-F9F8-41D0-A95D-BBF3DE496B42}"
EndProject
Global
	GlobalSection(SolutionConfigurationPlatforms) = preSolution
		Debug|Any CPU = Debug|Any CPU
		Release|Any CPU = Release|Any CPU
	EndGlobalSection
	GlobalSection(ProjectConfigurationPlatforms) = postSolution
		{82E6F4AD-F9F8-41D0-A95D-BBF3DE496B42}.Debug|Any CPU.ActiveCfg = Debug|Any CPU
		{82E6F4AD-F9F8-41D0-A95D-BBF3DE496B42}.Debug|Any CPU.Build.0 = Debug|Any CPU
		{82E6F4AD-F9F8-41D0-A95D-BBF3DE496B42}.Release|Any CPU.ActiveCfg = Release|Any CPU
		{82E6F4AD-F9F8-41D0-A95D-BBF3DE496B42}.Release|Any CPU.Build.0 = Release|Any CPU
	EndGlobalSection
	GlobalSection(SolutionProperties) = preSolution
		HideSolutionNode = FALSE
	EndGlobalSection
	GlobalSection(ExtensibilityGlobals) = postSolution
		SolutionGuid = {B9FE8D69-DFD6-41A4-B818-47A937CD9934}
	EndGlobalSection
EndGlobal
